PODS:
  - SpriteBubblePicker (0.1.0)
  - SwiftLogger (0.1.0)

DEPENDENCIES:
  - SpriteBubblePicker (from `../`)
  - SwiftLogger (from `../SwiftLogger/`)

EXTERNAL SOURCES:
  SpriteBubblePicker:
    :path: "../"
  SwiftLogger:
    :path: "../SwiftLogger/"

SPEC CHECKSUMS:
  SpriteBubblePicker: 328d28775d9358fbef9b2d9af234b5f14933ad9e
  SwiftLogger: 08ce1571c42bdd831300422be843be8f861e7a2d

PODFILE CHECKSUM: 5f89adb01929e1ad70e7c2630039a2d131722f0f

COCOAPODS: 1.16.2
