PODS:
  - SpriteBubblePicker (0.2.0)
  - SwiftLogger (0.1.0)

DEPENDENCIES:
  - SpriteBubblePicker (from `../`)
  - SwiftLogger (from `../SwiftLogger/`)

EXTERNAL SOURCES:
  SpriteBubblePicker:
    :path: "../"
  SwiftLogger:
    :path: "../SwiftLogger/"

SPEC CHECKSUMS:
  SpriteBubblePicker: e806c526f648d0b1ca53cb78a41bed71032f09a3
  SwiftLogger: 08ce1571c42bdd831300422be843be8f861e7a2d

PODFILE CHECKSUM: 5f89adb01929e1ad70e7c2630039a2d131722f0f

COCOAPODS: 1.16.2
